
Microsoft Visual Studio Solution File, Format Version 12.00
# Visual Studio 2013
VisualStudioVersion = 12.0.31101.0
MinimumVisualStudioVersion = 10.0.40219.1
Project("{FAE04EC0-301F-11D3-BF4B-00C04F79EFBC}") = "BoxKite.Twitter.Universal", "BoxKite.Twitter.Universal\BoxKite.Twitter.Universal.csproj", "{9FD05BF1-B574-425A-A36B-53C3B3B953CB}"
EndProject
Project("{FAE04EC0-301F-11D3-BF4B-00C04F79EFBC}") = "BoxKite.LiveFireTests", "BoxKite.LiveFireTests\BoxKite.LiveFireTests.csproj", "{717AD3D7-1FE2-4B2E-8DCC-19583D03C471}"
EndProject
Project("{FAE04EC0-301F-11D3-BF4B-00C04F79EFBC}") = "BoxKite.Twitter", "BoxKite.Twitter\BoxKite.Twitter.csproj", "{2EB6324B-F465-44AB-823F-E591845B8D80}"
EndProject
Project("{FAE04EC0-301F-11D3-BF4B-00C04F79EFBC}") = "BoxKite.Twitter.Console", "BoxKite.Twitter.Console\BoxKite.Twitter.Console.csproj", "{B0CCE07E-E1A5-4BC4-A6C8-9876D4C6819A}"
EndProject
Project("{FAE04EC0-301F-11D3-BF4B-00C04F79EFBC}") = "BoxKite.Twitter.Desktop", "BoxKite.Twitter.Desktop\BoxKite.Twitter.Desktop.csproj", "{98FFBF69-762F-4111-84B9-E757D9A698B9}"
EndProject
Project("{FAE04EC0-301F-11D3-BF4B-00C04F79EFBC}") = "BoxKite.Twitter.Tests", "BoxKite.Twitter.Tests\BoxKite.Twitter.Tests.csproj", "{C2F6E177-2755-4258-9C8E-B8E534075049}"
EndProject
Project("{FAE04EC0-301F-11D3-BF4B-00C04F79EFBC}") = "BoxKite.Twitter.W8RT", "BoxKite.Twitter.W8\BoxKite.Twitter.W8RT.csproj", "{26A5E902-7965-4560-96C5-BC1A578BB859}"
EndProject
Project("{FAE04EC0-301F-11D3-BF4B-00C04F79EFBC}") = "BoxKite.Twitter.WP8", "BoxKite.Twitter.WP8\BoxKite.Twitter.WP8.csproj", "{225E0C2C-4AC4-4C9C-9BC5-40FF5E4F0689}"
EndProject
Project("{FAE04EC0-301F-11D3-BF4B-00C04F79EFBC}") = "BoxKite.Twitter.iOS", "BoxKite.Twitter.iOS\BoxKite.Twitter.iOS.csproj", "{828739CD-E5BC-430C-9F2A-9592A4D270CB}"
EndProject
Project("{FAE04EC0-301F-11D3-BF4B-00C04F79EFBC}") = "BoxKite.Twitter.Android", "BoxKite.Twitter.Android\BoxKite.Twitter.Android.csproj", "{F860185F-0065-42EE-96D2-CC319E047E7C}"
EndProject
Global
	GlobalSection(SolutionConfigurationPlatforms) = preSolution
		Debug|Any CPU = Debug|Any CPU
		Debug|ARM = Debug|ARM
		Debug|x64 = Debug|x64
		Debug|x86 = Debug|x86
		Release|Any CPU = Release|Any CPU
		Release|ARM = Release|ARM
		Release|x64 = Release|x64
		Release|x86 = Release|x86
	EndGlobalSection
	GlobalSection(ProjectConfigurationPlatforms) = postSolution
		{9FD05BF1-B574-425A-A36B-53C3B3B953CB}.Debug|Any CPU.ActiveCfg = Debug|Any CPU
		{9FD05BF1-B574-425A-A36B-53C3B3B953CB}.Debug|Any CPU.Build.0 = Debug|Any CPU
		{9FD05BF1-B574-425A-A36B-53C3B3B953CB}.Debug|ARM.ActiveCfg = Debug|Any CPU
		{9FD05BF1-B574-425A-A36B-53C3B3B953CB}.Debug|x64.ActiveCfg = Debug|Any CPU
		{9FD05BF1-B574-425A-A36B-53C3B3B953CB}.Debug|x86.ActiveCfg = Debug|Any CPU
		{9FD05BF1-B574-425A-A36B-53C3B3B953CB}.Release|Any CPU.ActiveCfg = Release|Any CPU
		{9FD05BF1-B574-425A-A36B-53C3B3B953CB}.Release|Any CPU.Build.0 = Release|Any CPU
		{9FD05BF1-B574-425A-A36B-53C3B3B953CB}.Release|ARM.ActiveCfg = Release|Any CPU
		{9FD05BF1-B574-425A-A36B-53C3B3B953CB}.Release|x64.ActiveCfg = Release|Any CPU
		{9FD05BF1-B574-425A-A36B-53C3B3B953CB}.Release|x86.ActiveCfg = Release|Any CPU
		{717AD3D7-1FE2-4B2E-8DCC-19583D03C471}.Debug|Any CPU.ActiveCfg = Debug|Any CPU
		{717AD3D7-1FE2-4B2E-8DCC-19583D03C471}.Debug|Any CPU.Build.0 = Debug|Any CPU
		{717AD3D7-1FE2-4B2E-8DCC-19583D03C471}.Debug|ARM.ActiveCfg = Debug|Any CPU
		{717AD3D7-1FE2-4B2E-8DCC-19583D03C471}.Debug|x64.ActiveCfg = Debug|Any CPU
		{717AD3D7-1FE2-4B2E-8DCC-19583D03C471}.Debug|x86.ActiveCfg = Debug|Any CPU
		{717AD3D7-1FE2-4B2E-8DCC-19583D03C471}.Release|Any CPU.ActiveCfg = Release|Any CPU
		{717AD3D7-1FE2-4B2E-8DCC-19583D03C471}.Release|Any CPU.Build.0 = Release|Any CPU
		{717AD3D7-1FE2-4B2E-8DCC-19583D03C471}.Release|ARM.ActiveCfg = Release|Any CPU
		{717AD3D7-1FE2-4B2E-8DCC-19583D03C471}.Release|x64.ActiveCfg = Release|Any CPU
		{717AD3D7-1FE2-4B2E-8DCC-19583D03C471}.Release|x86.ActiveCfg = Release|Any CPU
		{2EB6324B-F465-44AB-823F-E591845B8D80}.Debug|Any CPU.ActiveCfg = Debug|Any CPU
		{2EB6324B-F465-44AB-823F-E591845B8D80}.Debug|Any CPU.Build.0 = Debug|Any CPU
		{2EB6324B-F465-44AB-823F-E591845B8D80}.Debug|ARM.ActiveCfg = Debug|Any CPU
		{2EB6324B-F465-44AB-823F-E591845B8D80}.Debug|x64.ActiveCfg = Debug|Any CPU
		{2EB6324B-F465-44AB-823F-E591845B8D80}.Debug|x86.ActiveCfg = Debug|Any CPU
		{2EB6324B-F465-44AB-823F-E591845B8D80}.Release|Any CPU.ActiveCfg = Release|Any CPU
		{2EB6324B-F465-44AB-823F-E591845B8D80}.Release|Any CPU.Build.0 = Release|Any CPU
		{2EB6324B-F465-44AB-823F-E591845B8D80}.Release|ARM.ActiveCfg = Release|Any CPU
		{2EB6324B-F465-44AB-823F-E591845B8D80}.Release|x64.ActiveCfg = Release|Any CPU
		{2EB6324B-F465-44AB-823F-E591845B8D80}.Release|x86.ActiveCfg = Release|Any CPU
		{B0CCE07E-E1A5-4BC4-A6C8-9876D4C6819A}.Debug|Any CPU.ActiveCfg = Debug|Any CPU
		{B0CCE07E-E1A5-4BC4-A6C8-9876D4C6819A}.Debug|Any CPU.Build.0 = Debug|Any CPU
		{B0CCE07E-E1A5-4BC4-A6C8-9876D4C6819A}.Debug|ARM.ActiveCfg = Debug|Any CPU
		{B0CCE07E-E1A5-4BC4-A6C8-9876D4C6819A}.Debug|x64.ActiveCfg = Debug|Any CPU
		{B0CCE07E-E1A5-4BC4-A6C8-9876D4C6819A}.Debug|x86.ActiveCfg = Debug|Any CPU
		{B0CCE07E-E1A5-4BC4-A6C8-9876D4C6819A}.Release|Any CPU.ActiveCfg = Release|Any CPU
		{B0CCE07E-E1A5-4BC4-A6C8-9876D4C6819A}.Release|Any CPU.Build.0 = Release|Any CPU
		{B0CCE07E-E1A5-4BC4-A6C8-9876D4C6819A}.Release|ARM.ActiveCfg = Release|Any CPU
		{B0CCE07E-E1A5-4BC4-A6C8-9876D4C6819A}.Release|x64.ActiveCfg = Release|Any CPU
		{B0CCE07E-E1A5-4BC4-A6C8-9876D4C6819A}.Release|x86.ActiveCfg = Release|Any CPU
		{98FFBF69-762F-4111-84B9-E757D9A698B9}.Debug|Any CPU.ActiveCfg = Debug|Any CPU
		{98FFBF69-762F-4111-84B9-E757D9A698B9}.Debug|Any CPU.Build.0 = Debug|Any CPU
		{98FFBF69-762F-4111-84B9-E757D9A698B9}.Debug|ARM.ActiveCfg = Debug|Any CPU
		{98FFBF69-762F-4111-84B9-E757D9A698B9}.Debug|x64.ActiveCfg = Debug|Any CPU
		{98FFBF69-762F-4111-84B9-E757D9A698B9}.Debug|x86.ActiveCfg = Debug|Any CPU
		{98FFBF69-762F-4111-84B9-E757D9A698B9}.Release|Any CPU.ActiveCfg = Release|Any CPU
		{98FFBF69-762F-4111-84B9-E757D9A698B9}.Release|Any CPU.Build.0 = Release|Any CPU
		{98FFBF69-762F-4111-84B9-E757D9A698B9}.Release|ARM.ActiveCfg = Release|Any CPU
		{98FFBF69-762F-4111-84B9-E757D9A698B9}.Release|x64.ActiveCfg = Release|Any CPU
		{98FFBF69-762F-4111-84B9-E757D9A698B9}.Release|x86.ActiveCfg = Release|Any CPU
		{C2F6E177-2755-4258-9C8E-B8E534075049}.Debug|Any CPU.ActiveCfg = Debug|Any CPU
		{C2F6E177-2755-4258-9C8E-B8E534075049}.Debug|Any CPU.Build.0 = Debug|Any CPU
		{C2F6E177-2755-4258-9C8E-B8E534075049}.Debug|ARM.ActiveCfg = Debug|Any CPU
		{C2F6E177-2755-4258-9C8E-B8E534075049}.Debug|x64.ActiveCfg = Debug|Any CPU
		{C2F6E177-2755-4258-9C8E-B8E534075049}.Debug|x86.ActiveCfg = Debug|Any CPU
		{C2F6E177-2755-4258-9C8E-B8E534075049}.Release|Any CPU.ActiveCfg = Release|Any CPU
		{C2F6E177-2755-4258-9C8E-B8E534075049}.Release|Any CPU.Build.0 = Release|Any CPU
		{C2F6E177-2755-4258-9C8E-B8E534075049}.Release|ARM.ActiveCfg = Release|Any CPU
		{C2F6E177-2755-4258-9C8E-B8E534075049}.Release|x64.ActiveCfg = Release|Any CPU
		{C2F6E177-2755-4258-9C8E-B8E534075049}.Release|x86.ActiveCfg = Release|Any CPU
		{26A5E902-7965-4560-96C5-BC1A578BB859}.Debug|Any CPU.ActiveCfg = Debug|Any CPU
		{26A5E902-7965-4560-96C5-BC1A578BB859}.Debug|Any CPU.Build.0 = Debug|Any CPU
		{26A5E902-7965-4560-96C5-BC1A578BB859}.Debug|ARM.ActiveCfg = Debug|ARM
		{26A5E902-7965-4560-96C5-BC1A578BB859}.Debug|ARM.Build.0 = Debug|ARM
		{26A5E902-7965-4560-96C5-BC1A578BB859}.Debug|x64.ActiveCfg = Debug|x64
		{26A5E902-7965-4560-96C5-BC1A578BB859}.Debug|x64.Build.0 = Debug|x64
		{26A5E902-7965-4560-96C5-BC1A578BB859}.Debug|x86.ActiveCfg = Debug|x86
		{26A5E902-7965-4560-96C5-BC1A578BB859}.Debug|x86.Build.0 = Debug|x86
		{26A5E902-7965-4560-96C5-BC1A578BB859}.Release|Any CPU.ActiveCfg = Release|Any CPU
		{26A5E902-7965-4560-96C5-BC1A578BB859}.Release|Any CPU.Build.0 = Release|Any CPU
		{26A5E902-7965-4560-96C5-BC1A578BB859}.Release|ARM.ActiveCfg = Release|ARM
		{26A5E902-7965-4560-96C5-BC1A578BB859}.Release|ARM.Build.0 = Release|ARM
		{26A5E902-7965-4560-96C5-BC1A578BB859}.Release|x64.ActiveCfg = Release|x64
		{26A5E902-7965-4560-96C5-BC1A578BB859}.Release|x64.Build.0 = Release|x64
		{26A5E902-7965-4560-96C5-BC1A578BB859}.Release|x86.ActiveCfg = Release|x86
		{26A5E902-7965-4560-96C5-BC1A578BB859}.Release|x86.Build.0 = Release|x86
		{225E0C2C-4AC4-4C9C-9BC5-40FF5E4F0689}.Debug|Any CPU.ActiveCfg = Debug|Any CPU
		{225E0C2C-4AC4-4C9C-9BC5-40FF5E4F0689}.Debug|Any CPU.Build.0 = Debug|Any CPU
		{225E0C2C-4AC4-4C9C-9BC5-40FF5E4F0689}.Debug|ARM.ActiveCfg = Debug|ARM
		{225E0C2C-4AC4-4C9C-9BC5-40FF5E4F0689}.Debug|ARM.Build.0 = Debug|ARM
		{225E0C2C-4AC4-4C9C-9BC5-40FF5E4F0689}.Debug|x64.ActiveCfg = Debug|Any CPU
		{225E0C2C-4AC4-4C9C-9BC5-40FF5E4F0689}.Debug|x86.ActiveCfg = Debug|x86
		{225E0C2C-4AC4-4C9C-9BC5-40FF5E4F0689}.Debug|x86.Build.0 = Debug|x86
		{225E0C2C-4AC4-4C9C-9BC5-40FF5E4F0689}.Release|Any CPU.ActiveCfg = Release|Any CPU
		{225E0C2C-4AC4-4C9C-9BC5-40FF5E4F0689}.Release|Any CPU.Build.0 = Release|Any CPU
		{225E0C2C-4AC4-4C9C-9BC5-40FF5E4F0689}.Release|ARM.ActiveCfg = Release|ARM
		{225E0C2C-4AC4-4C9C-9BC5-40FF5E4F0689}.Release|ARM.Build.0 = Release|ARM
		{225E0C2C-4AC4-4C9C-9BC5-40FF5E4F0689}.Release|x64.ActiveCfg = Release|Any CPU
		{225E0C2C-4AC4-4C9C-9BC5-40FF5E4F0689}.Release|x86.ActiveCfg = Release|x86
		{225E0C2C-4AC4-4C9C-9BC5-40FF5E4F0689}.Release|x86.Build.0 = Release|x86
		{828739CD-E5BC-430C-9F2A-9592A4D270CB}.Debug|Any CPU.ActiveCfg = Debug|Any CPU
		{828739CD-E5BC-430C-9F2A-9592A4D270CB}.Debug|Any CPU.Build.0 = Debug|Any CPU
		{828739CD-E5BC-430C-9F2A-9592A4D270CB}.Debug|ARM.ActiveCfg = Debug|Any CPU
		{828739CD-E5BC-430C-9F2A-9592A4D270CB}.Debug|ARM.Build.0 = Debug|Any CPU
		{828739CD-E5BC-430C-9F2A-9592A4D270CB}.Debug|x64.ActiveCfg = Debug|Any CPU
		{828739CD-E5BC-430C-9F2A-9592A4D270CB}.Debug|x64.Build.0 = Debug|Any CPU
		{828739CD-E5BC-430C-9F2A-9592A4D270CB}.Debug|x86.ActiveCfg = Debug|Any CPU
		{828739CD-E5BC-430C-9F2A-9592A4D270CB}.Debug|x86.Build.0 = Debug|Any CPU
		{828739CD-E5BC-430C-9F2A-9592A4D270CB}.Release|Any CPU.ActiveCfg = Release|Any CPU
		{828739CD-E5BC-430C-9F2A-9592A4D270CB}.Release|Any CPU.Build.0 = Release|Any CPU
		{828739CD-E5BC-430C-9F2A-9592A4D270CB}.Release|ARM.ActiveCfg = Release|Any CPU
		{828739CD-E5BC-430C-9F2A-9592A4D270CB}.Release|ARM.Build.0 = Release|Any CPU
		{828739CD-E5BC-430C-9F2A-9592A4D270CB}.Release|x64.ActiveCfg = Release|Any CPU
		{828739CD-E5BC-430C-9F2A-9592A4D270CB}.Release|x64.Build.0 = Release|Any CPU
		{828739CD-E5BC-430C-9F2A-9592A4D270CB}.Release|x86.ActiveCfg = Release|Any CPU
		{828739CD-E5BC-430C-9F2A-9592A4D270CB}.Release|x86.Build.0 = Release|Any CPU
		{F860185F-0065-42EE-96D2-CC319E047E7C}.Debug|Any CPU.ActiveCfg = Debug|Any CPU
		{F860185F-0065-42EE-96D2-CC319E047E7C}.Debug|Any CPU.Build.0 = Debug|Any CPU
		{F860185F-0065-42EE-96D2-CC319E047E7C}.Debug|ARM.ActiveCfg = Debug|Any CPU
		{F860185F-0065-42EE-96D2-CC319E047E7C}.Debug|x64.ActiveCfg = Debug|Any CPU
		{F860185F-0065-42EE-96D2-CC319E047E7C}.Debug|x86.ActiveCfg = Debug|Any CPU
		{F860185F-0065-42EE-96D2-CC319E047E7C}.Release|Any CPU.ActiveCfg = Release|Any CPU
		{F860185F-0065-42EE-96D2-CC319E047E7C}.Release|Any CPU.Build.0 = Release|Any CPU
		{F860185F-0065-42EE-96D2-CC319E047E7C}.Release|ARM.ActiveCfg = Release|Any CPU
		{F860185F-0065-42EE-96D2-CC319E047E7C}.Release|x64.ActiveCfg = Release|Any CPU
		{F860185F-0065-42EE-96D2-CC319E047E7C}.Release|x86.ActiveCfg = Release|Any CPU
	EndGlobalSection
	GlobalSection(SolutionProperties) = preSolution
		HideSolutionNode = FALSE
	EndGlobalSection
	GlobalSection(MonoDevelopProperties) = preSolution
		StartupItem = BoxKite.Twitter.Universal\BoxKite.Twitter.Universal.csproj
	EndGlobalSection
EndGlobal
